
Microsoft Visual Studio Solution File, Format Version 12.00
# Visual Studio Version 17
VisualStudioVersion = 17.14.36603.0
MinimumVisualStudioVersion = 10.0.40219.1
Project("{FAE04EC0-301F-11D3-BF4B-00C04F79EFBC}") = "MedicinasResidenciaCanoGonzalo", "MedicinasResidenciaCanoGonzalo.csproj", "{39D9C058-4D02-43E9-A9CF-8F7768CFF306}"
EndProject
Project("{54435603-DBB4-11D2-8724-00A0C9A8B90C}") = "instalador", "..\instalador\instalador.vdproj", "{682A4D8D-F2F4-CE23-05C1-0BB629CD0FC0}"
EndProject
Global
	GlobalSection(SolutionConfigurationPlatforms) = preSolution
		Debug|Any CPU = Debug|Any CPU
		Release|Any CPU = Release|Any CPU
	EndGlobalSection
	GlobalSection(ProjectConfigurationPlatforms) = postSolution
		{39D9C058-4D02-43E9-A9CF-8F7768CFF306}.Debug|Any CPU.ActiveCfg = Debug|Any CPU
		{39D9C058-4D02-43E9-A9CF-8F7768CFF306}.Debug|Any CPU.Build.0 = Debug|Any CPU
		{39D9C058-4D02-43E9-A9CF-8F7768CFF306}.Release|Any CPU.ActiveCfg = Release|Any CPU
		{39D9C058-4D02-43E9-A9CF-8F7768CFF306}.Release|Any CPU.Build.0 = Release|Any CPU
		{682A4D8D-F2F4-CE23-05C1-0BB629CD0FC0}.Debug|Any CPU.ActiveCfg = Debug
		{682A4D8D-F2F4-CE23-05C1-0BB629CD0FC0}.Release|Any CPU.ActiveCfg = Release
	EndGlobalSection
	GlobalSection(SolutionProperties) = preSolution
		HideSolutionNode = FALSE
	EndGlobalSection
	GlobalSection(ExtensibilityGlobals) = postSolution
		SolutionGuid = {A9B8BB75-9E19-419E-A582-4A20FFCBD31C}
	EndGlobalSection
EndGlobal
